
Microsoft Visual Studio Solution File, Format Version 12.00
# Visual Studio Version 16
VisualStudioVersion = 16.0.30804.86
MinimumVisualStudioVersion = 10.0.40219.1
Project("{FAE04EC0-301F-11D3-BF4B-00C04F79EFBC}") = "BlankProject", "BlankProject\BlankProject.csproj", "{44938499-872A-4668-83F7-48F5ABAECCDB}"
EndProject
Global
	GlobalSection(SolutionConfigurationPlatforms) = preSolution
		Debug|Any CPU = Debug|Any CPU
		Release|Any CPU = Release|Any CPU
	EndGlobalSection
	GlobalSection(ProjectConfigurationPlatforms) = postSolution
		{44938499-872A-4668-83F7-48F5ABAECCDB}.Debug|Any CPU.ActiveCfg = Debug|Any CPU
		{44938499-872A-4668-83F7-48F5ABAECCDB}.Debug|Any CPU.Build.0 = Debug|Any CPU
		{44938499-872A-4668-83F7-48F5ABAECCDB}.Release|Any CPU.ActiveCfg = Release|Any CPU
		{44938499-872A-4668-83F7-48F5ABAECCDB}.Release|Any CPU.Build.0 = Release|Any CPU
	EndGlobalSection
	GlobalSection(SolutionProperties) = preSolution
		HideSolutionNode = FALSE
	EndGlobalSection
	GlobalSection(ExtensibilityGlobals) = postSolution
		SolutionGuid = {CEA43B37-E3E0-4FA5-8C69-925ED9000555}
	EndGlobalSection
EndGlobal
